// !$*UTF8*$!
{
	archiveVersion = 1;
	classes = {
	};
	objectVersion = 56;
	objects = {

/* Begin PBXBuildFile section */
		AC6FF1252E8DF2E2008341D9 /* AppDelegate.m in Sources */ = {isa = PBXBuildFile; fileRef = AC6FF1242E8DF2E2008341D9 /* AppDelegate.m */; };
		AC6FF1282E8DF2E2008341D9 /* SceneDelegate.m in Sources */ = {isa = PBXBuildFile; fileRef = AC6FF1272E8DF2E2008341D9 /* SceneDelegate.m */; };
		AC6FF12B2E8DF2E2008341D9 /* ViewController.m in Sources */ = {isa = PBXBuildFile; fileRef = AC6FF12A2E8DF2E2008341D9 /* ViewController.m */; };
		AC6FF12E2E8DF2E2008341D9 /* Main.storyboard in Resources */ = {isa = PBXBuildFile; fileRef = AC6FF12C2E8DF2E2008341D9 /* Main.storyboard */; };
		AC6FF1302E8DF2E9008341D9 /* Assets.xcassets in Resources */ = {isa = PBXBuildFile; fileRef = AC6FF12F2E8DF2E9008341D9 /* Assets.xcassets */; };
		AC6FF1332E8DF2E9008341D9 /* LaunchScreen.storyboard in Resources */ = {isa = PBXBuildFile; fileRef = AC6FF1312E8DF2E9008341D9 /* LaunchScreen.storyboard */; };
		AC6FF1362E8DF2E9008341D9 /* main.m in Sources */ = {isa = PBXBuildFile; fileRef = AC6FF1352E8DF2E9008341D9 /* main.m */; };
		AC6FF1402E8DF2E9008341D9 /* AppTrafficLightTests.m in Sources */ = {isa = PBXBuildFile; fileRef = AC6FF13F2E8DF2E9008341D9 /* AppTrafficLightTests.m */; };
		AC6FF14A2E8DF2E9008341D9 /* AppTrafficLightUITests.m in Sources */ = {isa = PBXBuildFile; fileRef = AC6FF1492E8DF2E9008341D9 /* AppTrafficLightUITests.m */; };
		AC6FF14C2E8DF2E9008341D9 /* AppTrafficLightUITestsLaunchTests.m in Sources */ = {isa = PBXBuildFile; fileRef = AC6FF14B2E8DF2E9008341D9 /* AppTrafficLightUITestsLaunchTests.m */; };
/* End PBXBuildFile section */

/* Begin PBXContainerItemProxy section */
		AC6FF13C2E8DF2E9008341D9 /* PBXContainerItemProxy */ = {
			isa = PBXContainerItemProxy;
			containerPortal = AC6FF1182E8DF2E2008341D9 /* Project object */;
			proxyType = 1;
			remoteGlobalIDString = AC6FF11F2E8DF2E2008341D9;
			remoteInfo = AppTrafficLight;
		};
		AC6FF1462E8DF2E9008341D9 /* PBXContainerItemProxy */ = {
			isa = PBXContainerItemProxy;
			containerPortal = AC6FF1182E8DF2E2008341D9 /* Project object */;
			proxyType = 1;
			remoteGlobalIDString = AC6FF11F2E8DF2E2008341D9;
			remoteInfo = AppTrafficLight;
		};
/* End PBXContainerItemProxy section */

/* Begin PBXFileReference section */
		AC6FF1202E8DF2E2008341D9 /* AppTrafficLight.app */ = {isa = PBXFileReference; explicitFileType = wrapper.application; includeInIndex = 0; path = AppTrafficLight.app; sourceTree = BUILT_PRODUCTS_DIR; };
		AC6FF1232E8DF2E2008341D9 /* AppDelegate.h */ = {isa = PBXFileReference; lastKnownFileType = sourcecode.c.h; path = AppDelegate.h; sourceTree = "<group>"; };
		AC6FF1242E8DF2E2008341D9 /* AppDelegate.m */ = {isa = PBXFileReference; lastKnownFileType = sourcecode.c.objc; path = AppDelegate.m; sourceTree = "<group>"; };
		AC6FF1262E8DF2E2008341D9 /* SceneDelegate.h */ = {isa = PBXFileReference; lastKnownFileType = sourcecode.c.h; path = SceneDelegate.h; sourceTree = "<group>"; };
		AC6FF1272E8DF2E2008341D9 /* SceneDelegate.m */ = {isa = PBXFileReference; lastKnownFileType = sourcecode.c.objc; path = SceneDelegate.m; sourceTree = "<group>"; };
		AC6FF1292E8DF2E2008341D9 /* ViewController.h */ = {isa = PBXFileReference; lastKnownFileType = sourcecode.c.h; path = ViewController.h; sourceTree = "<group>"; };
		AC6FF12A2E8DF2E2008341D9 /* ViewController.m */ = {isa = PBXFileReference; lastKnownFileType = sourcecode.c.objc; path = ViewController.m; sourceTree = "<group>"; };
		AC6FF12D2E8DF2E2008341D9 /* Base */ = {isa = PBXFileReference; lastKnownFileType = file.storyboard; name = Base; path = Base.lproj/Main.storyboard; sourceTree = "<group>"; };
		AC6FF12F2E8DF2E9008341D9 /* Assets.xcassets */ = {isa = PBXFileReference; lastKnownFileType = folder.assetcatalog; path = Assets.xcassets; sourceTree = "<group>"; };
		AC6FF1322E8DF2E9008341D9 /* Base */ = {isa = PBXFileReference; lastKnownFileType = file.storyboard; name = Base; path = Base.lproj/LaunchScreen.storyboard; sourceTree = "<group>"; };
		AC6FF1342E8DF2E9008341D9 /* Info.plist */ = {isa = PBXFileReference; lastKnownFileType = text.plist.xml; path = Info.plist; sourceTree = "<group>"; };
		AC6FF1352E8DF2E9008341D9 /* main.m */ = {isa = PBXFileReference; lastKnownFileType = sourcecode.c.objc; path = main.m; sourceTree = "<group>"; };
		AC6FF13B2E8DF2E9008341D9 /* AppTrafficLightTests.xctest */ = {isa = PBXFileReference; explicitFileType = wrapper.cfbundle; includeInIndex = 0; path = AppTrafficLightTests.xctest; sourceTree = BUILT_PRODUCTS_DIR; };
		AC6FF13F2E8DF2E9008341D9 /* AppTrafficLightTests.m */ = {isa = PBXFileReference; lastKnownFileType = sourcecode.c.objc; path = AppTrafficLightTests.m; sourceTree = "<group>"; };
		AC6FF1452E8DF2E9008341D9 /* AppTrafficLightUITests.xctest */ = {isa = PBXFileReference; explicitFileType = wrapper.cfbundle; includeInIndex = 0; path = AppTrafficLightUITests.xctest; sourceTree = BUILT_PRODUCTS_DIR; };
		AC6FF1492E8DF2E9008341D9 /* AppTrafficLightUITests.m */ = {isa = PBXFileReference; lastKnownFileType = sourcecode.c.objc; path = AppTrafficLightUITests.m; sourceTree = "<group>"; };
		AC6FF14B2E8DF2E9008341D9 /* AppTrafficLightUITestsLaunchTests.m */ = {isa = PBXFileReference; lastKnownFileType = sourcecode.c.objc; path = AppTrafficLightUITestsLaunchTests.m; sourceTree = "<group>"; };
/* End PBXFileReference section */

/* Begin PBXFrameworksBuildPhase section */
		AC6FF11D2E8DF2E2008341D9 /* Frameworks */ = {
			isa = PBXFrameworksBuildPhase;
			buildActionMask = 2147483647;
			files = (
			);
			runOnlyForDeploymentPostprocessing = 0;
		};
		AC6FF1382E8DF2E9008341D9 /* Frameworks */ = {
			isa = PBXFrameworksBuildPhase;
			buildActionMask = 2147483647;
			files = (
			);
			runOnlyForDeploymentPostprocessing = 0;
		};
		AC6FF1422E8DF2E9008341D9 /* Frameworks */ = {
			isa = PBXFrameworksBuildPhase;
			buildActionMask = 2147483647;
			files = (
			);
			runOnlyForDeploymentPostprocessing = 0;
		};
/* End PBXFrameworksBuildPhase section */

/* Begin PBXGroup section */
		AC6FF1172E8DF2E2008341D9 = {
			isa = PBXGroup;
			children = (
				AC6FF1222E8DF2E2008341D9 /* AppTrafficLight */,
				AC6FF13E2E8DF2E9008341D9 /* AppTrafficLightTests */,
				AC6FF1482E8DF2E9008341D9 /* AppTrafficLightUITests */,
				AC6FF1212E8DF2E2008341D9 /* Products */,
			);
			sourceTree = "<group>";
		};
		AC6FF1212E8DF2E2008341D9 /* Products */ = {
			isa = PBXGroup;
			children = (
				AC6FF1202E8DF2E2008341D9 /* AppTrafficLight.app */,
				AC6FF13B2E8DF2E9008341D9 /* AppTrafficLightTests.xctest */,
				AC6FF1452E8DF2E9008341D9 /* AppTrafficLightUITests.xctest */,
			);
			name = Products;
			sourceTree = "<group>";
		};
		AC6FF1222E8DF2E2008341D9 /* AppTrafficLight */ = {
			isa = PBXGroup;
			children = (
				AC6FF1232E8DF2E2008341D9 /* AppDelegate.h */,
				AC6FF1242E8DF2E2008341D9 /* AppDelegate.m */,
				AC6FF1262E8DF2E2008341D9 /* SceneDelegate.h */,
				AC6FF1272E8DF2E2008341D9 /* SceneDelegate.m */,
				AC6FF1292E8DF2E2008341D9 /* ViewController.h */,
				AC6FF12A2E8DF2E2008341D9 /* ViewController.m */,
				AC6FF12C2E8DF2E2008341D9 /* Main.storyboard */,
				AC6FF12F2E8DF2E9008341D9 /* Assets.xcassets */,
				AC6FF1312E8DF2E9008341D9 /* LaunchScreen.storyboard */,
				AC6FF1342E8DF2E9008341D9 /* Info.plist */,
				AC6FF1352E8DF2E9008341D9 /* main.m */,
			);
			path = AppTrafficLight;
			sourceTree = "<group>";
		};
		AC6FF13E2E8DF2E9008341D9 /* AppTrafficLightTests */ = {
			isa = PBXGroup;
			children = (
				AC6FF13F2E8DF2E9008341D9 /* AppTrafficLightTests.m */,
			);
			path = AppTrafficLightTests;
			sourceTree = "<group>";
		};
		AC6FF1482E8DF2E9008341D9 /* AppTrafficLightUITests */ = {
			isa = PBXGroup;
			children = (
				AC6FF1492E8DF2E9008341D9 /* AppTrafficLightUITests.m */,
				AC6FF14B2E8DF2E9008341D9 /* AppTrafficLightUITestsLaunchTests.m */,
			);
			path = AppTrafficLightUITests;
			sourceTree = "<group>";
		};
/* End PBXGroup section */

/* Begin PBXNativeTarget section */
		AC6FF11F2E8DF2E2008341D9 /* AppTrafficLight */ = {
			isa = PBXNativeTarget;
			buildConfigurationList = AC6FF14F2E8DF2E9008341D9 /* Build configuration list for PBXNativeTarget "AppTrafficLight" */;
			buildPhases = (
				AC6FF11C2E8DF2E2008341D9 /* Sources */,
				AC6FF11D2E8DF2E2008341D9 /* Frameworks */,
				AC6FF11E2E8DF2E2008341D9 /* Resources */,
			);
			buildRules = (
			);
			dependencies = (
			);
			name = AppTrafficLight;
			productName = AppTrafficLight;
			productReference = AC6FF1202E8DF2E2008341D9 /* AppTrafficLight.app */;
			productType = "com.apple.product-type.application";
		};
		AC6FF13A2E8DF2E9008341D9 /* AppTrafficLightTests */ = {
			isa = PBXNativeTarget;
			buildConfigurationList = AC6FF1522E8DF2E9008341D9 /* Build configuration list for PBXNativeTarget "AppTrafficLightTests" */;
			buildPhases = (
				AC6FF1372E8DF2E9008341D9 /* Sources */,
				AC6FF1382E8DF2E9008341D9 /* Frameworks */,
				AC6FF1392E8DF2E9008341D9 /* Resources */,
			);
			buildRules = (
			);
			dependencies = (
				AC6FF13D2E8DF2E9008341D9 /* PBXTargetDependency */,
			);
			name = AppTrafficLightTests;
			productName = AppTrafficLightTests;
			productReference = AC6FF13B2E8DF2E9008341D9 /* AppTrafficLightTests.xctest */;
			productType = "com.apple.product-type.bundle.unit-test";
		};
		AC6FF1442E8DF2E9008341D9 /* AppTrafficLightUITests */ = {
			isa = PBXNativeTarget;
			buildConfigurationList = AC6FF1552E8DF2E9008341D9 /* Build configuration list for PBXNativeTarget "AppTrafficLightUITests" */;
			buildPhases = (
				AC6FF1412E8DF2E9008341D9 /* Sources */,
				AC6FF1422E8DF2E9008341D9 /* Frameworks */,
				AC6FF1432E8DF2E9008341D9 /* Resources */,
			);
			buildRules = (
			);
			dependencies = (
				AC6FF1472E8DF2E9008341D9 /* PBXTargetDependency */,
			);
			name = AppTrafficLightUITests;
			productName = AppTrafficLightUITests;
			productReference = AC6FF1452E8DF2E9008341D9 /* AppTrafficLightUITests.xctest */;
			productType = "com.apple.product-type.bundle.ui-testing";
		};
/* End PBXNativeTarget section */

/* Begin PBXProject section */
		AC6FF1182E8DF2E2008341D9 /* Project object */ = {
			isa = PBXProject;
			attributes = {
				BuildIndependentTargetsInParallel = 1;
				LastUpgradeCheck = 1520;
				TargetAttributes = {
					AC6FF11F2E8DF2E2008341D9 = {
						CreatedOnToolsVersion = 15.2;
					};
					AC6FF13A2E8DF2E9008341D9 = {
						CreatedOnToolsVersion = 15.2;
						TestTargetID = AC6FF11F2E8DF2E2008341D9;
					};
					AC6FF1442E8DF2E9008341D9 = {
						CreatedOnToolsVersion = 15.2;
						TestTargetID = AC6FF11F2E8DF2E2008341D9;
					};
				};
			};
			buildConfigurationList = AC6FF11B2E8DF2E2008341D9 /* Build configuration list for PBXProject "AppTrafficLight" */;
			compatibilityVersion = "Xcode 14.0";
			developmentRegion = en;
			hasScannedForEncodings = 0;
			knownRegions = (
				en,
				Base,
			);
			mainGroup = AC6FF1172E8DF2E2008341D9;
			productRefGroup = AC6FF1212E8DF2E2008341D9 /* Products */;
			projectDirPath = "";
			projectRoot = "";
			targets = (
				AC6FF11F2E8DF2E2008341D9 /* AppTrafficLight */,
				AC6FF13A2E8DF2E9008341D9 /* AppTrafficLightTests */,
				AC6FF1442E8DF2E9008341D9 /* AppTrafficLightUITests */,
			);
		};
/* End PBXProject section */

/* Begin PBXResourcesBuildPhase section */
		AC6FF11E2E8DF2E2008341D9 /* Resources */ = {
			isa = PBXResourcesBuildPhase;
			buildActionMask = 2147483647;
			files = (
				AC6FF1332E8DF2E9008341D9 /* LaunchScreen.storyboard in Resources */,
				AC6FF1302E8DF2E9008341D9 /* Assets.xcassets in Resources */,
				AC6FF12E2E8DF2E2008341D9 /* Main.storyboard in Resources */,
			);
			runOnlyForDeploymentPostprocessing = 0;
		};
		AC6FF1392E8DF2E9008341D9 /* Resources */ = {
			isa = PBXResourcesBuildPhase;
			buildActionMask = 2147483647;
			files = (
			);
			runOnlyForDeploymentPostprocessing = 0;
		};
		AC6FF1432E8DF2E9008341D9 /* Resources */ = {
			isa = PBXResourcesBuildPhase;
			buildActionMask = 2147483647;
			files = (
			);
			runOnlyForDeploymentPostprocessing = 0;
		};
/* End PBXResourcesBuildPhase section */

/* Begin PBXSourcesBuildPhase section */
		AC6FF11C2E8DF2E2008341D9 /* Sources */ = {
			isa = PBXSourcesBuildPhase;
			buildActionMask = 2147483647;
			files = (
				AC6FF12B2E8DF2E2008341D9 /* ViewController.m in Sources */,
				AC6FF1252E8DF2E2008341D9 /* AppDelegate.m in Sources */,
				AC6FF1362E8DF2E9008341D9 /* main.m in Sources */,
				AC6FF1282E8DF2E2008341D9 /* SceneDelegate.m in Sources */,
			);
			runOnlyForDeploymentPostprocessing = 0;
		};
		AC6FF1372E8DF2E9008341D9 /* Sources */ = {
			isa = PBXSourcesBuildPhase;
			buildActionMask = 2147483647;
			files = (
				AC6FF1402E8DF2E9008341D9 /* AppTrafficLightTests.m in Sources */,
			);
			runOnlyForDeploymentPostprocessing = 0;
		};
		AC6FF1412E8DF2E9008341D9 /* Sources */ = {
			isa = PBXSourcesBuildPhase;
			buildActionMask = 2147483647;
			files = (
				AC6FF14A2E8DF2E9008341D9 /* AppTrafficLightUITests.m in Sources */,
				AC6FF14C2E8DF2E9008341D9 /* AppTrafficLightUITestsLaunchTests.m in Sources */,
			);
			runOnlyForDeploymentPostprocessing = 0;
		};
/* End PBXSourcesBuildPhase section */

/* Begin PBXTargetDependency section */
		AC6FF13D2E8DF2E9008341D9 /* PBXTargetDependency */ = {
			isa = PBXTargetDependency;
			target = AC6FF11F2E8DF2E2008341D9 /* AppTrafficLight */;
			targetProxy = AC6FF13C2E8DF2E9008341D9 /* PBXContainerItemProxy */;
		};
		AC6FF1472E8DF2E9008341D9 /* PBXTargetDependency */ = {
			isa = PBXTargetDependency;
			target = AC6FF11F2E8DF2E2008341D9 /* AppTrafficLight */;
			targetProxy = AC6FF1462E8DF2E9008341D9 /* PBXContainerItemProxy */;
		};
/* End PBXTargetDependency section */

/* Begin PBXVariantGroup section */
		AC6FF12C2E8DF2E2008341D9 /* Main.storyboard */ = {
			isa = PBXVariantGroup;
			children = (
				AC6FF12D2E8DF2E2008341D9 /* Base */,
			);
			name = Main.storyboard;
			sourceTree = "<group>";
		};
		AC6FF1312E8DF2E9008341D9 /* LaunchScreen.storyboard */ = {
			isa = PBXVariantGroup;
			children = (
				AC6FF1322E8DF2E9008341D9 /* Base */,
			);
			name = LaunchScreen.storyboard;
			sourceTree = "<group>";
		};
/* End PBXVariantGroup section */

/* Begin XCBuildConfiguration section */
		AC6FF14D2E8DF2E9008341D9 /* Debug */ = {
			isa = XCBuildConfiguration;
			buildSettings = {
				ALWAYS_SEARCH_USER_PATHS = NO;
				ASSETCATALOG_COMPILER_GENERATE_SWIFT_ASSET_SYMBOL_EXTENSIONS = YES;
				CLANG_ANALYZER_NONNULL = YES;
				CLANG_ANALYZER_NUMBER_OBJECT_CONVERSION = YES_AGGRESSIVE;
				CLANG_CXX_LANGUAGE_STANDARD = "gnu++20";
				CLANG_ENABLE_MODULES = YES;
				CLANG_ENABLE_OBJC_ARC = YES;
				CLANG_ENABLE_OBJC_WEAK = YES;
				CLANG_WARN_BLOCK_CAPTURE_AUTORELEASING = YES;
				CLANG_WARN_BOOL_CONVERSION = YES;
				CLANG_WARN_COMMA = YES;
				CLANG_WARN_CONSTANT_CONVERSION = YES;
				CLANG_WARN_DEPRECATED_OBJC_IMPLEMENTATIONS = YES;
				CLANG_WARN_DIRECT_OBJC_ISA_USAGE = YES_ERROR;
				CLANG_WARN_DOCUMENTATION_COMMENTS = YES;
				CLANG_WARN_EMPTY_BODY = YES;
				CLANG_WARN_ENUM_CONVERSION = YES;
				CLANG_WARN_INFINITE_RECURSION = YES;
				CLANG_WARN_INT_CONVERSION = YES;
				CLANG_WARN_NON_LITERAL_NULL_CONVERSION = YES;
				CLANG_WARN_OBJC_IMPLICIT_RETAIN_SELF = YES;
				CLANG_WARN_OBJC_LITERAL_CONVERSION = YES;
				CLANG_WARN_OBJC_ROOT_CLASS = YES_ERROR;
				CLANG_WARN_QUOTED_INCLUDE_IN_FRAMEWORK_HEADER = YES;
				CLANG_WARN_RANGE_LOOP_ANALYSIS = YES;
				CLANG_WARN_STRICT_PROTOTYPES = YES;
				CLANG_WARN_SUSPICIOUS_MOVE = YES;
				CLANG_WARN_UNGUARDED_AVAILABILITY = YES_AGGRESSIVE;
				CLANG_WARN_UNREACHABLE_CODE = YES;
				CLANG_WARN__DUPLICATE_METHOD_MATCH = YES;
				COPY_PHASE_STRIP = NO;
				DEBUG_INFORMATION_FORMAT = dwarf;
				ENABLE_STRICT_OBJC_MSGSEND = YES;
				ENABLE_TESTABILITY = YES;
				ENABLE_USER_SCRIPT_SANDBOXING = YES;
				GCC_C_LANGUAGE_STANDARD = gnu17;
				GCC_DYNAMIC_NO_PIC = NO;
				GCC_NO_COMMON_BLOCKS = YES;
				GCC_OPTIMIZATION_LEVEL = 0;
				GCC_PREPROCESSOR_DEFINITIONS = (
					"DEBUG=1",
					"$(inherited)",
				);
				GCC_WARN_64_TO_32_BIT_CONVERSION = YES;
				GCC_WARN_ABOUT_RETURN_TYPE = YES_ERROR;
				GCC_WARN_UNDECLARED_SELECTOR = YES;
				GCC_WARN_UNINITIALIZED_AUTOS = YES_AGGRESSIVE;
				GCC_WARN_UNUSED_FUNCTION = YES;
				GCC_WARN_UNUSED_VARIABLE = YES;
				IPHONEOS_DEPLOYMENT_TARGET = 17.2;
				LOCALIZATION_PREFERS_STRING_CATALOGS = YES;
				MTL_ENABLE_DEBUG_INFO = INCLUDE_SOURCE;
				MTL_FAST_MATH = YES;
				ONLY_ACTIVE_ARCH = YES;
				SDKROOT = iphoneos;
			};
			name = Debug;
		};
		AC6FF14E2E8DF2E9008341D9 /* Release */ = {
			isa = XCBuildConfiguration;
			buildSettings = {
				ALWAYS_SEARCH_USER_PATHS = NO;
				ASSETCATALOG_COMPILER_GENERATE_SWIFT_ASSET_SYMBOL_EXTENSIONS = YES;
				CLANG_ANALYZER_NONNULL = YES;
				CLANG_ANALYZER_NUMBER_OBJECT_CONVERSION = YES_AGGRESSIVE;
				CLANG_CXX_LANGUAGE_STANDARD = "gnu++20";
				CLANG_ENABLE_MODULES = YES;
				CLANG_ENABLE_OBJC_ARC = YES;
				CLANG_ENABLE_OBJC_WEAK = YES;
				CLANG_WARN_BLOCK_CAPTURE_AUTORELEASING = YES;
				CLANG_WARN_BOOL_CONVERSION = YES;
				CLANG_WARN_COMMA = YES;
				CLANG_WARN_CONSTANT_CONVERSION = YES;
				CLANG_WARN_DEPRECATED_OBJC_IMPLEMENTATIONS = YES;
				CLANG_WARN_DIRECT_OBJC_ISA_USAGE = YES_ERROR;
				CLANG_WARN_DOCUMENTATION_COMMENTS = YES;
				CLANG_WARN_EMPTY_BODY = YES;
				CLANG_WARN_ENUM_CONVERSION = YES;
				CLANG_WARN_INFINITE_RECURSION = YES;
				CLANG_WARN_INT_CONVERSION = YES;
				CLANG_WARN_NON_LITERAL_NULL_CONVERSION = YES;
				CLANG_WARN_OBJC_IMPLICIT_RETAIN_SELF = YES;
				CLANG_WARN_OBJC_LITERAL_CONVERSION = YES;
				CLANG_WARN_OBJC_ROOT_CLASS = YES_ERROR;
				CLANG_WARN_QUOTED_INCLUDE_IN_FRAMEWORK_HEADER = YES;
				CLANG_WARN_RANGE_LOOP_ANALYSIS = YES;
				CLANG_WARN_STRICT_PROTOTYPES = YES;
				CLANG_WARN_SUSPICIOUS_MOVE = YES;
				CLANG_WARN_UNGUARDED_AVAILABILITY = YES_AGGRESSIVE;
				CLANG_WARN_UNREACHABLE_CODE = YES;
				CLANG_WARN__DUPLICATE_METHOD_MATCH = YES;
				COPY_PHASE_STRIP = NO;
				DEBUG_INFORMATION_FORMAT = "dwarf-with-dsym";
				ENABLE_NS_ASSERTIONS = NO;
				ENABLE_STRICT_OBJC_MSGSEND = YES;
				ENABLE_USER_SCRIPT_SANDBOXING = YES;
				GCC_C_LANGUAGE_STANDARD = gnu17;
				GCC_NO_COMMON_BLOCKS = YES;
				GCC_WARN_64_TO_32_BIT_CONVERSION = YES;
				GCC_WARN_ABOUT_RETURN_TYPE = YES_ERROR;
				GCC_WARN_UNDECLARED_SELECTOR = YES;
				GCC_WARN_UNINITIALIZED_AUTOS = YES_AGGRESSIVE;
				GCC_WARN_UNUSED_FUNCTION = YES;
				GCC_WARN_UNUSED_VARIABLE = YES;
				IPHONEOS_DEPLOYMENT_TARGET = 17.2;
				LOCALIZATION_PREFERS_STRING_CATALOGS = YES;
				MTL_ENABLE_DEBUG_INFO = NO;
				MTL_FAST_MATH = YES;
				SDKROOT = iphoneos;
				VALIDATE_PRODUCT = YES;
			};
			name = Release;
		};
		AC6FF1502E8DF2E9008341D9 /* Debug */ = {
			isa = XCBuildConfiguration;
			buildSettings = {
				ASSETCATALOG_COMPILER_APPICON_NAME = AppIcon;
				ASSETCATALOG_COMPILER_GLOBAL_ACCENT_COLOR_NAME = AccentColor;
				CODE_SIGN_STYLE = Automatic;
				CURRENT_PROJECT_VERSION = 1;
				GENERATE_INFOPLIST_FILE = YES;
				INFOPLIST_FILE = AppTrafficLight/Info.plist;
				INFOPLIST_KEY_UIApplicationSupportsIndirectInputEvents = YES;
				INFOPLIST_KEY_UILaunchStoryboardName = LaunchScreen;
				INFOPLIST_KEY_UIMainStoryboardFile = Main;
				INFOPLIST_KEY_UISupportedInterfaceOrientations_iPad = "UIInterfaceOrientationPortrait UIInterfaceOrientationPortraitUpsideDown UIInterfaceOrientationLandscapeLeft UIInterfaceOrientationLandscapeRight";
				INFOPLIST_KEY_UISupportedInterfaceOrientations_iPhone = "UIInterfaceOrientationPortrait UIInterfaceOrientationLandscapeLeft UIInterfaceOrientationLandscapeRight";
				IPHONEOS_DEPLOYMENT_TARGET = 15.0;
				LD_RUNPATH_SEARCH_PATHS = (
					"$(inherited)",
					"@executable_path/Frameworks",
				);
				MARKETING_VERSION = 1.0;
				PRODUCT_BUNDLE_IDENTIFIER = none.AppTrafficLight;
				PRODUCT_NAME = "$(TARGET_NAME)";
				SWIFT_EMIT_LOC_STRINGS = YES;
				TARGETED_DEVICE_FAMILY = "1,2";
			};
			name = Debug;
		};
		AC6FF1512E8DF2E9008341D9 /* Release */ = {
			isa = XCBuildConfiguration;
			buildSettings = {
				ASSETCATALOG_COMPILER_APPICON_NAME = AppIcon;
				ASSETCATALOG_COMPILER_GLOBAL_ACCENT_COLOR_NAME = AccentColor;
				CODE_SIGN_STYLE = Automatic;
				CURRENT_PROJECT_VERSION = 1;
				GENERATE_INFOPLIST_FILE = YES;
				INFOPLIST_FILE = AppTrafficLight/Info.plist;
				INFOPLIST_KEY_UIApplicationSupportsIndirectInputEvents = YES;
				INFOPLIST_KEY_UILaunchStoryboardName = LaunchScreen;
				INFOPLIST_KEY_UIMainStoryboardFile = Main;
				INFOPLIST_KEY_UISupportedInterfaceOrientations_iPad = "UIInterfaceOrientationPortrait UIInterfaceOrientationPortraitUpsideDown UIInterfaceOrientationLandscapeLeft UIInterfaceOrientationLandscapeRight";
				INFOPLIST_KEY_UISupportedInterfaceOrientations_iPhone = "UIInterfaceOrientationPortrait UIInterfaceOrientationLandscapeLeft UIInterfaceOrientationLandscapeRight";
				IPHONEOS_DEPLOYMENT_TARGET = 15.0;
				LD_RUNPATH_SEARCH_PATHS = (
					"$(inherited)",
					"@executable_path/Frameworks",
				);
				MARKETING_VERSION = 1.0;
				PRODUCT_BUNDLE_IDENTIFIER = none.AppTrafficLight;
				PRODUCT_NAME = "$(TARGET_NAME)";
				SWIFT_EMIT_LOC_STRINGS = YES;
				TARGETED_DEVICE_FAMILY = "1,2";
			};
			name = Release;
		};
		AC6FF1532E8DF2E9008341D9 /* Debug */ = {
			isa = XCBuildConfiguration;
			buildSettings = {
				BUNDLE_LOADER = "$(TEST_HOST)";
				CODE_SIGN_STYLE = Automatic;
				CURRENT_PROJECT_VERSION = 1;
				GENERATE_INFOPLIST_FILE = YES;
				IPHONEOS_DEPLOYMENT_TARGET = 17.2;
				MARKETING_VERSION = 1.0;
				PRODUCT_BUNDLE_IDENTIFIER = none.AppTrafficLightTests;
				PRODUCT_NAME = "$(TARGET_NAME)";
				SWIFT_EMIT_LOC_STRINGS = NO;
				TARGETED_DEVICE_FAMILY = "1,2";
				TEST_HOST = "$(BUILT_PRODUCTS_DIR)/AppTrafficLight.app/$(BUNDLE_EXECUTABLE_FOLDER_PATH)/AppTrafficLight";
			};
			name = Debug;
		};
		AC6FF1542E8DF2E9008341D9 /* Release */ = {
			isa = XCBuildConfiguration;
			buildSettings = {
				BUNDLE_LOADER = "$(TEST_HOST)";
				CODE_SIGN_STYLE = Automatic;
				CURRENT_PROJECT_VERSION = 1;
				GENERATE_INFOPLIST_FILE = YES;
				IPHONEOS_DEPLOYMENT_TARGET = 17.2;
				MARKETING_VERSION = 1.0;
				PRODUCT_BUNDLE_IDENTIFIER = none.AppTrafficLightTests;
				PRODUCT_NAME = "$(TARGET_NAME)";
				SWIFT_EMIT_LOC_STRINGS = NO;
				TARGETED_DEVICE_FAMILY = "1,2";
				TEST_HOST = "$(BUILT_PRODUCTS_DIR)/AppTrafficLight.app/$(BUNDLE_EXECUTABLE_FOLDER_PATH)/AppTrafficLight";
			};
			name = Release;
		};
		AC6FF1562E8DF2E9008341D9 /* Debug */ = {
			isa = XCBuildConfiguration;
			buildSettings = {
				CODE_SIGN_STYLE = Automatic;
				CURRENT_PROJECT_VERSION = 1;
				GENERATE_INFOPLIST_FILE = YES;
				MARKETING_VERSION = 1.0;
				PRODUCT_BUNDLE_IDENTIFIER = none.AppTrafficLightUITests;
				PRODUCT_NAME = "$(TARGET_NAME)";
				SWIFT_EMIT_LOC_STRINGS = NO;
				TARGETED_DEVICE_FAMILY = "1,2";
				TEST_TARGET_NAME = AppTrafficLight;
			};
			name = Debug;
		};
		AC6FF1572E8DF2E9008341D9 /* Release */ = {
			isa = XCBuildConfiguration;
			buildSettings = {
				CODE_SIGN_STYLE = Automatic;
				CURRENT_PROJECT_VERSION = 1;
				GENERATE_INFOPLIST_FILE = YES;
				MARKETING_VERSION = 1.0;
				PRODUCT_BUNDLE_IDENTIFIER = none.AppTrafficLightUITests;
				PRODUCT_NAME = "$(TARGET_NAME)";
				SWIFT_EMIT_LOC_STRINGS = NO;
				TARGETED_DEVICE_FAMILY = "1,2";
				TEST_TARGET_NAME = AppTrafficLight;
			};
			name = Release;
		};
/* End XCBuildConfiguration section */

/* Begin XCConfigurationList section */
		AC6FF11B2E8DF2E2008341D9 /* Build configuration list for PBXProject "AppTrafficLight" */ = {
			isa = XCConfigurationList;
			buildConfigurations = (
				AC6FF14D2E8DF2E9008341D9 /* Debug */,
				AC6FF14E2E8DF2E9008341D9 /* Release */,
			);
			defaultConfigurationIsVisible = 0;
			defaultConfigurationName = Release;
		};
		AC6FF14F2E8DF2E9008341D9 /* Build configuration list for PBXNativeTarget "AppTrafficLight" */ = {
			isa = XCConfigurationList;
			buildConfigurations = (
				AC6FF1502E8DF2E9008341D9 /* Debug */,
				AC6FF1512E8DF2E9008341D9 /* Release */,
			);
			defaultConfigurationIsVisible = 0;
			defaultConfigurationName = Release;
		};
		AC6FF1522E8DF2E9008341D9 /* Build configuration list for PBXNativeTarget "AppTrafficLightTests" */ = {
			isa = XCConfigurationList;
			buildConfigurations = (
				AC6FF1532E8DF2E9008341D9 /* Debug */,
				AC6FF1542E8DF2E9008341D9 /* Release */,
			);
			defaultConfigurationIsVisible = 0;
			defaultConfigurationName = Release;
		};
		AC6FF1552E8DF2E9008341D9 /* Build configuration list for PBXNativeTarget "AppTrafficLightUITests" */ = {
			isa = XCConfigurationList;
			buildConfigurations = (
				AC6FF1562E8DF2E9008341D9 /* Debug */,
				AC6FF1572E8DF2E9008341D9 /* Release */,
			);
			defaultConfigurationIsVisible = 0;
			defaultConfigurationName = Release;
		};
/* End XCConfigurationList section */
	};
	rootObject = AC6FF1182E8DF2E2008341D9 /* Project object */;
}
